// !$*UTF8*$!
{
	archiveVersion = 1;
	classes = {
	};
	objectVersion = 46;
	objects = {

/* Begin PBXBuildFile section */
		85C531BD19733B9900A8230B /* CoreFoundation.framework in Frameworks */ = {isa = PBXBuildFile; fileRef = 85C531BC19733B9900A8230B /* CoreFoundation.framework */; };
		85C531C319733B9A00A8230B /* InfoPlist.strings in Resources */ = {isa = PBXBuildFile; fileRef = 85C531C119733B9900A8230B /* InfoPlist.strings */; };
		85C531CC19733C9100A8230B /* NESLoader.m in Sources */ = {isa = PBXBuildFile; fileRef = 85C531CB19733C9100A8230B /* NESLoader.m */; };
		85C531CE19735B5000A8230B /* NESLoader.hopperLoader in CopyFiles */ = {isa = PBXBuildFile; fileRef = 85C531B919733B9900A8230B /* NESLoader.hopperLoader */; };
/* End PBXBuildFile section */

/* Begin PBXCopyFilesBuildPhase section */
		85C531CD19735B4500A8230B /* CopyFiles */ = {
			isa = PBXCopyFilesBuildPhase;
			buildActionMask = 2147483647;
			dstPath = "$(HOME)/Library/Application Support/Hopper/PlugIns/Loaders";
			dstSubfolderSpec = 0;
			files = (
				85C531CE19735B5000A8230B /* NESLoader.hopperLoader in CopyFiles */,
			);
			runOnlyForDeploymentPostprocessing = 0;
		};
/* End PBXCopyFilesBuildPhase section */

/* Begin PBXFileReference section */
		85C531B919733B9900A8230B /* NESLoader.hopperLoader */ = {isa = PBXFileReference; explicitFileType = wrapper.cfbundle; includeInIndex = 0; path = NESLoader.hopperLoader; sourceTree = BUILT_PRODUCTS_DIR; };
		85C531BC19733B9900A8230B /* CoreFoundation.framework */ = {isa = PBXFileReference; lastKnownFileType = wrapper.framework; name = CoreFoundation.framework; path = System/Library/Frameworks/CoreFoundation.framework; sourceTree = SDKROOT; };
		85C531C019733B9900A8230B /* NESLoader-Info.plist */ = {isa = PBXFileReference; lastKnownFileType = text.plist.xml; path = "NESLoader-Info.plist"; sourceTree = "<group>"; };
		85C531C219733B9900A8230B /* en */ = {isa = PBXFileReference; lastKnownFileType = text.plist.strings; name = en; path = en.lproj/InfoPlist.strings; sourceTree = "<group>"; };
		85C531C419733B9A00A8230B /* NESLoader-Prefix.pch */ = {isa = PBXFileReference; lastKnownFileType = sourcecode.c.h; path = "NESLoader-Prefix.pch"; sourceTree = "<group>"; };
		85C531CA19733C9100A8230B /* NESLoader.h */ = {isa = PBXFileReference; fileEncoding = 4; lastKnownFileType = sourcecode.c.h; path = NESLoader.h; sourceTree = "<group>"; };
		85C531CB19733C9100A8230B /* NESLoader.m */ = {isa = PBXFileReference; fileEncoding = 4; lastKnownFileType = sourcecode.c.objc; path = NESLoader.m; sourceTree = "<group>"; };
/* End PBXFileReference section */

/* Begin PBXFrameworksBuildPhase section */
		85C531B619733B9900A8230B /* Frameworks */ = {
			isa = PBXFrameworksBuildPhase;
			buildActionMask = 2147483647;
			files = (
				85C531BD19733B9900A8230B /* CoreFoundation.framework in Frameworks */,
			);
			runOnlyForDeploymentPostprocessing = 0;
		};
/* End PBXFrameworksBuildPhase section */

/* Begin PBXGroup section */
		85C531B019733B9900A8230B = {
			isa = PBXGroup;
			children = (
				85C531BE19733B9900A8230B /* NESLoader */,
				85C531BB19733B9900A8230B /* Frameworks */,
				85C531BA19733B9900A8230B /* Products */,
			);
			sourceTree = "<group>";
		};
		85C531BA19733B9900A8230B /* Products */ = {
			isa = PBXGroup;
			children = (
				85C531B919733B9900A8230B /* NESLoader.hopperLoader */,
			);
			name = Products;
			sourceTree = "<group>";
		};
		85C531BB19733B9900A8230B /* Frameworks */ = {
			isa = PBXGroup;
			children = (
				85C531BC19733B9900A8230B /* CoreFoundation.framework */,
			);
			name = Frameworks;
			sourceTree = "<group>";
		};
		85C531BE19733B9900A8230B /* NESLoader */ = {
			isa = PBXGroup;
			children = (
				85C531BF19733B9900A8230B /* Supporting Files */,
				85C531CA19733C9100A8230B /* NESLoader.h */,
				85C531CB19733C9100A8230B /* NESLoader.m */,
			);
			path = NESLoader;
			sourceTree = "<group>";
		};
		85C531BF19733B9900A8230B /* Supporting Files */ = {
			isa = PBXGroup;
			children = (
				85C531C019733B9900A8230B /* NESLoader-Info.plist */,
				85C531C119733B9900A8230B /* InfoPlist.strings */,
				85C531C419733B9A00A8230B /* NESLoader-Prefix.pch */,
			);
			name = "Supporting Files";
			sourceTree = "<group>";
		};
/* End PBXGroup section */

/* Begin PBXNativeTarget section */
		85C531B819733B9900A8230B /* NESLoader */ = {
			isa = PBXNativeTarget;
			buildConfigurationList = 85C531C719733B9A00A8230B /* Build configuration list for PBXNativeTarget "NESLoader" */;
			buildPhases = (
				85C531B519733B9900A8230B /* Sources */,
				85C531B619733B9900A8230B /* Frameworks */,
				85C531B719733B9900A8230B /* Resources */,
				85C531CD19735B4500A8230B /* CopyFiles */,
			);
			buildRules = (
			);
			dependencies = (
			);
			name = NESLoader;
			productName = NESLoader;
			productReference = 85C531B919733B9900A8230B /* NESLoader.hopperLoader */;
			productType = "com.apple.product-type.bundle";
		};
/* End PBXNativeTarget section */

/* Begin PBXProject section */
		85C531B119733B9900A8230B /* Project object */ = {
			isa = PBXProject;
			attributes = {
				LastUpgradeCheck = 0510;
				ORGANIZATIONNAME = "Benjamin Charron";
			};
			buildConfigurationList = 85C531B419733B9900A8230B /* Build configuration list for PBXProject "NESLoader" */;
			compatibilityVersion = "Xcode 3.2";
			developmentRegion = English;
			hasScannedForEncodings = 0;
			knownRegions = (
				en,
			);
			mainGroup = 85C531B019733B9900A8230B;
			productRefGroup = 85C531BA19733B9900A8230B /* Products */;
			projectDirPath = "";
			projectRoot = "";
			targets = (
				85C531B819733B9900A8230B /* NESLoader */,
			);
		};
/* End PBXProject section */

/* Begin PBXResourcesBuildPhase section */
		85C531B719733B9900A8230B /* Resources */ = {
			isa = PBXResourcesBuildPhase;
			buildActionMask = 2147483647;
			files = (
				85C531C319733B9A00A8230B /* InfoPlist.strings in Resources */,
			);
			runOnlyForDeploymentPostprocessing = 0;
		};
/* End PBXResourcesBuildPhase section */

/* Begin PBXSourcesBuildPhase section */
		85C531B519733B9900A8230B /* Sources */ = {
			isa = PBXSourcesBuildPhase;
			buildActionMask = 2147483647;
			files = (
				85C531CC19733C9100A8230B /* NESLoader.m in Sources */,
			);
			runOnlyForDeploymentPostprocessing = 0;
		};
/* End PBXSourcesBuildPhase section */

/* Begin PBXVariantGroup section */
		85C531C119733B9900A8230B /* InfoPlist.strings */ = {
			isa = PBXVariantGroup;
			children = (
				85C531C219733B9900A8230B /* en */,
			);
			name = InfoPlist.strings;
			sourceTree = "<group>";
		};
/* End PBXVariantGroup section */

/* Begin XCBuildConfiguration section */
		85C531C519733B9A00A8230B /* Debug */ = {
			isa = XCBuildConfiguration;
			buildSettings = {
				ALWAYS_SEARCH_USER_PATHS = NO;
				CLANG_CXX_LANGUAGE_STANDARD = "gnu++0x";
				CLANG_CXX_LIBRARY = "libc++";
				CLANG_ENABLE_MODULES = YES;
				CLANG_ENABLE_OBJC_ARC = YES;
				CLANG_WARN_BOOL_CONVERSION = YES;
				CLANG_WARN_CONSTANT_CONVERSION = YES;
				CLANG_WARN_DIRECT_OBJC_ISA_USAGE = YES_ERROR;
				CLANG_WARN_EMPTY_BODY = YES;
				CLANG_WARN_ENUM_CONVERSION = YES;
				CLANG_WARN_INT_CONVERSION = YES;
				CLANG_WARN_OBJC_ROOT_CLASS = YES_ERROR;
				CLANG_WARN__DUPLICATE_METHOD_MATCH = YES;
				COPY_PHASE_STRIP = NO;
				GCC_C_LANGUAGE_STANDARD = gnu99;
				GCC_DYNAMIC_NO_PIC = NO;
				GCC_ENABLE_OBJC_EXCEPTIONS = YES;
				GCC_OPTIMIZATION_LEVEL = 0;
				GCC_PREPROCESSOR_DEFINITIONS = (
					"DEBUG=1",
					"$(inherited)",
				);
				GCC_SYMBOLS_PRIVATE_EXTERN = NO;
				GCC_WARN_64_TO_32_BIT_CONVERSION = YES;
				GCC_WARN_ABOUT_RETURN_TYPE = YES_ERROR;
				GCC_WARN_UNDECLARED_SELECTOR = YES;
				GCC_WARN_UNINITIALIZED_AUTOS = YES_AGGRESSIVE;
				GCC_WARN_UNUSED_FUNCTION = YES;
				GCC_WARN_UNUSED_VARIABLE = YES;
				MACOSX_DEPLOYMENT_TARGET = 10.9;
				ONLY_ACTIVE_ARCH = YES;
				SDKROOT = macosx;
			};
			name = Debug;
		};
		85C531C619733B9A00A8230B /* Release */ = {
			isa = XCBuildConfiguration;
			buildSettings = {
				ALWAYS_SEARCH_USER_PATHS = NO;
				CLANG_CXX_LANGUAGE_STANDARD = "gnu++0x";
				CLANG_CXX_LIBRARY = "libc++";
				CLANG_ENABLE_MODULES = YES;
				CLANG_ENABLE_OBJC_ARC = YES;
				CLANG_WARN_BOOL_CONVERSION = YES;
				CLANG_WARN_CONSTANT_CONVERSION = YES;
				CLANG_WARN_DIRECT_OBJC_ISA_USAGE = YES_ERROR;
				CLANG_WARN_EMPTY_BODY = YES;
				CLANG_WARN_ENUM_CONVERSION = YES;
				CLANG_WARN_INT_CONVERSION = YES;
				CLANG_WARN_OBJC_ROOT_CLASS = YES_ERROR;
				CLANG_WARN__DUPLICATE_METHOD_MATCH = YES;
				COPY_PHASE_STRIP = YES;
				DEBUG_INFORMATION_FORMAT = "dwarf-with-dsym";
				ENABLE_NS_ASSERTIONS = NO;
				GCC_C_LANGUAGE_STANDARD = gnu99;
				GCC_ENABLE_OBJC_EXCEPTIONS = YES;
				GCC_WARN_64_TO_32_BIT_CONVERSION = YES;
				GCC_WARN_ABOUT_RETURN_TYPE = YES_ERROR;
				GCC_WARN_UNDECLARED_SELECTOR = YES;
				GCC_WARN_UNINITIALIZED_AUTOS = YES_AGGRESSIVE;
				GCC_WARN_UNUSED_FUNCTION = YES;
				GCC_WARN_UNUSED_VARIABLE = YES;
				MACOSX_DEPLOYMENT_TARGET = 10.9;
				SDKROOT = macosx;
			};
			name = Release;
		};
		85C531C819733B9A00A8230B /* Debug */ = {
			isa = XCBuildConfiguration;
			buildSettings = {
				COMBINE_HIDPI_IMAGES = YES;
				DEPLOYMENT_POSTPROCESSING = YES;
				GCC_PRECOMPILE_PREFIX_HEADER = YES;
				GCC_PREFIX_HEADER = "NESLoader/NESLoader-Prefix.pch";
				HEADER_SEARCH_PATHS = (
					"$(inherited)",
					/Applications/Xcode.app/Contents/Developer/Toolchains/XcodeDefault.xctoolchain/usr/include,
					"/Users/bcharron/re/hopper-nes-loader/include",
				);
				INFOPLIST_FILE = "NESLoader/NESLoader-Info.plist";
				INSTALL_PATH = "$(HOME)/Library/Application Support/Hopper/Plugins/Loaders";
				PRODUCT_NAME = "$(TARGET_NAME)";
				WRAPPER_EXTENSION = hopperLoader;
			};
			name = Debug;
		};
		85C531C919733B9A00A8230B /* Release */ = {
			isa = XCBuildConfiguration;
			buildSettings = {
				COMBINE_HIDPI_IMAGES = YES;
				DEPLOYMENT_POSTPROCESSING = YES;
				GCC_PRECOMPILE_PREFIX_HEADER = YES;
				GCC_PREFIX_HEADER = "NESLoader/NESLoader-Prefix.pch";
				HEADER_SEARCH_PATHS = (
					"$(inherited)",
					/Applications/Xcode.app/Contents/Developer/Toolchains/XcodeDefault.xctoolchain/usr/include,
					"/Users/bcharron/re/hopper-nes-loader/include",
				);
				INFOPLIST_FILE = "NESLoader/NESLoader-Info.plist";
				INSTALL_PATH = "$(HOME)/Library/Application Support/Hopper/Plugins/Loaders";
				PRODUCT_NAME = "$(TARGET_NAME)";
				WRAPPER_EXTENSION = hopperLoader;
			};
			name = Release;
		};
/* End XCBuildConfiguration section */

/* Begin XCConfigurationList section */
		85C531B419733B9900A8230B /* Build configuration list for PBXProject "NESLoader" */ = {
			isa = XCConfigurationList;
			buildConfigurations = (
				85C531C519733B9A00A8230B /* Debug */,
				85C531C619733B9A00A8230B /* Release */,
			);
			defaultConfigurationIsVisible = 0;
			defaultConfigurationName = Release;
		};
		85C531C719733B9A00A8230B /* Build configuration list for PBXNativeTarget "NESLoader" */ = {
			isa = XCConfigurationList;
			buildConfigurations = (
				85C531C819733B9A00A8230B /* Debug */,
				85C531C919733B9A00A8230B /* Release */,
			);
			defaultConfigurationIsVisible = 0;
		};
/* End XCConfigurationList section */
	};
	rootObject = 85C531B119733B9900A8230B /* Project object */;
}
